
Microsoft Visual Studio Solution File, Format Version 12.00
# Visual Studio 15
VisualStudioVersion = 15.0.28307.136
MinimumVisualStudioVersion = 10.0.40219.1
Project("{9A19103F-16F7-4668-BE54-9A1E7A4F7556}") = "SessionSample", "SessionSample.csproj", "{70C11F8F-D299-4907-832C-B038BCEB27CD}"
EndProject
Global
	GlobalSection(SolutionConfigurationPlatforms) = preSolution
		Debug|Any CPU = Debug|Any CPU
		Release|Any CPU = Release|Any CPU
	EndGlobalSection
	GlobalSection(ProjectConfigurationPlatforms) = postSolution
		{70C11F8F-D299-4907-832C-B038BCEB27CD}.Debug|Any CPU.ActiveCfg = Debug|Any CPU
		{70C11F8F-D299-4907-832C-B038BCEB27CD}.Debug|Any CPU.Build.0 = Debug|Any CPU
		{70C11F8F-D299-4907-832C-B038BCEB27CD}.Release|Any CPU.ActiveCfg = Release|Any CPU
		{70C11F8F-D299-4907-832C-B038BCEB27CD}.Release|Any CPU.Build.0 = Release|Any CPU
	EndGlobalSection
	GlobalSection(SolutionProperties) = preSolution
		HideSolutionNode = FALSE
	EndGlobalSection
	GlobalSection(ExtensibilityGlobals) = postSolution
		SolutionGuid = {B702F638-F723-4A79-81EF-BDF63C1BDD55}
	EndGlobalSection
EndGlobal
