
Microsoft Visual Studio Solution File, Format Version 12.00
# Visual Studio Version 16
VisualStudioVersion = 16.0.29709.97
MinimumVisualStudioVersion = 10.0.40219.1
Project("{FAE04EC0-301F-11D3-BF4B-00C04F79EFBC}") = "DefaultRoutingVeranderen", "DefaultRoutingVeranderen.csproj", "{A9F08DB5-18D7-4BE7-B61B-F3620FB0C59B}"
EndProject
Global
	GlobalSection(SolutionConfigurationPlatforms) = preSolution
		Debug|Any CPU = Debug|Any CPU
		Release|Any CPU = Release|Any CPU
	EndGlobalSection
	GlobalSection(ProjectConfigurationPlatforms) = postSolution
		{A9F08DB5-18D7-4BE7-B61B-F3620FB0C59B}.Debug|Any CPU.ActiveCfg = Debug|Any CPU
		{A9F08DB5-18D7-4BE7-B61B-F3620FB0C59B}.Debug|Any CPU.Build.0 = Debug|Any CPU
		{A9F08DB5-18D7-4BE7-B61B-F3620FB0C59B}.Release|Any CPU.ActiveCfg = Release|Any CPU
		{A9F08DB5-18D7-4BE7-B61B-F3620FB0C59B}.Release|Any CPU.Build.0 = Release|Any CPU
	EndGlobalSection
	GlobalSection(SolutionProperties) = preSolution
		HideSolutionNode = FALSE
	EndGlobalSection
	GlobalSection(ExtensibilityGlobals) = postSolution
		SolutionGuid = {227FC572-33C1-4C3E-A94C-3FD71EA5AEBD}
	EndGlobalSection
EndGlobal
