
Microsoft Visual Studio Solution File, Format Version 12.00
# Visual Studio Version 16
VisualStudioVersion = 16.0.29709.97
MinimumVisualStudioVersion = 10.0.40219.1
Project("{FAE04EC0-301F-11D3-BF4B-00C04F79EFBC}") = "GameHogerLager", "GameHogerLager.csproj", "{F4F3FB1C-1234-46CE-B347-0104E8F5BDF3}"
EndProject
Global
	GlobalSection(SolutionConfigurationPlatforms) = preSolution
		Debug|Any CPU = Debug|Any CPU
		Release|Any CPU = Release|Any CPU
	EndGlobalSection
	GlobalSection(ProjectConfigurationPlatforms) = postSolution
		{F4F3FB1C-1234-46CE-B347-0104E8F5BDF3}.Debug|Any CPU.ActiveCfg = Debug|Any CPU
		{F4F3FB1C-1234-46CE-B347-0104E8F5BDF3}.Debug|Any CPU.Build.0 = Debug|Any CPU
		{F4F3FB1C-1234-46CE-B347-0104E8F5BDF3}.Release|Any CPU.ActiveCfg = Release|Any CPU
		{F4F3FB1C-1234-46CE-B347-0104E8F5BDF3}.Release|Any CPU.Build.0 = Release|Any CPU
	EndGlobalSection
	GlobalSection(SolutionProperties) = preSolution
		HideSolutionNode = FALSE
	EndGlobalSection
	GlobalSection(ExtensibilityGlobals) = postSolution
		SolutionGuid = {38244DAC-1C05-4462-9118-45B46F4B90E9}
	EndGlobalSection
EndGlobal
