
Microsoft Visual Studio Solution File, Format Version 12.00
# Visual Studio Version 16
VisualStudioVersion = 16.0.29905.134
MinimumVisualStudioVersion = 10.0.40219.1
Project("{FAE04EC0-301F-11D3-BF4B-00C04F79EFBC}") = "testproject", "testproject.csproj", "{7803CA56-3B3A-424F-B803-0B56EE0EE13B}"
EndProject
Global
	GlobalSection(SolutionConfigurationPlatforms) = preSolution
		Debug|Any CPU = Debug|Any CPU
		Release|Any CPU = Release|Any CPU
	EndGlobalSection
	GlobalSection(ProjectConfigurationPlatforms) = postSolution
		{7803CA56-3B3A-424F-B803-0B56EE0EE13B}.Debug|Any CPU.ActiveCfg = Debug|Any CPU
		{7803CA56-3B3A-424F-B803-0B56EE0EE13B}.Debug|Any CPU.Build.0 = Debug|Any CPU
		{7803CA56-3B3A-424F-B803-0B56EE0EE13B}.Release|Any CPU.ActiveCfg = Release|Any CPU
		{7803CA56-3B3A-424F-B803-0B56EE0EE13B}.Release|Any CPU.Build.0 = Release|Any CPU
	EndGlobalSection
	GlobalSection(SolutionProperties) = preSolution
		HideSolutionNode = FALSE
	EndGlobalSection
	GlobalSection(ExtensibilityGlobals) = postSolution
		SolutionGuid = {5209E676-CE22-429C-B2C7-A26FAD5A5BFB}
	EndGlobalSection
EndGlobal
